// !$*UTF8*$!
{
	archiveVersion = 1;
	classes = {
	};
	objectVersion = 70;
	objects = {

/* Begin PBXBuildFile section */
		0001 /* RTOTrackerApp.swift in Sources */ = {isa = PBXBuildFile; fileRef = 0010 /* RTOTrackerApp.swift */; };
		0002 /* AppDelegate.swift in Sources */ = {isa = PBXBuildFile; fileRef = 0011 /* AppDelegate.swift */; };
		0003 /* DayRecord.swift in Sources */ = {isa = PBXBuildFile; fileRef = 0012 /* DayRecord.swift */; };
		0004 /* Settings.swift in Sources */ = {isa = PBXBuildFile; fileRef = 0013 /* Settings.swift */; };
		0005 /* DataManager.swift in Sources */ = {isa = PBXBuildFile; fileRef = 0014 /* DataManager.swift */; };
		0006 /* OfficeDetectionService.swift in Sources */ = {isa = PBXBuildFile; fileRef = 0015 /* OfficeDetectionService.swift */; };
		0007 /* MenuView.swift in Sources */ = {isa = PBXBuildFile; fileRef = 0016 /* MenuView.swift */; };
		0008 /* SettingsView.swift in Sources */ = {isa = PBXBuildFile; fileRef = 0017 /* SettingsView.swift */; };
		0009 /* CalendarView.swift in Sources */ = {isa = PBXBuildFile; fileRef = 0019 /* CalendarView.swift */; };
		0020 /* UpdateChecker.swift in Sources */ = {isa = PBXBuildFile; fileRef = 0021 /* UpdateChecker.swift */; };
		C85D47992F84BC1B00E81F9A /* Sparkle in Frameworks */ = {isa = PBXBuildFile; productRef = C85D47982F84BC1B00E81F9A /* Sparkle */; };
/* End PBXBuildFile section */

/* Begin PBXContainerItemProxy section */
		C85D47A22F86055500E81F9A /* PBXContainerItemProxy */ = {
			isa = PBXContainerItemProxy;
			containerPortal = 0700 /* Project object */;
			proxyType = 1;
			remoteGlobalIDString = 0400;
			remoteInfo = RTOTracker;
		};
/* End PBXContainerItemProxy section */

/* Begin PBXFileReference section */
		0010 /* RTOTrackerApp.swift */ = {isa = PBXFileReference; lastKnownFileType = sourcecode.swift; path = RTOTrackerApp.swift; sourceTree = "<group>"; };
		0011 /* AppDelegate.swift */ = {isa = PBXFileReference; lastKnownFileType = sourcecode.swift; path = AppDelegate.swift; sourceTree = "<group>"; };
		0012 /* DayRecord.swift */ = {isa = PBXFileReference; lastKnownFileType = sourcecode.swift; path = DayRecord.swift; sourceTree = "<group>"; };
		0013 /* Settings.swift */ = {isa = PBXFileReference; lastKnownFileType = sourcecode.swift; path = Settings.swift; sourceTree = "<group>"; };
		0014 /* DataManager.swift */ = {isa = PBXFileReference; lastKnownFileType = sourcecode.swift; path = DataManager.swift; sourceTree = "<group>"; };
		0015 /* OfficeDetectionService.swift */ = {isa = PBXFileReference; lastKnownFileType = sourcecode.swift; path = OfficeDetectionService.swift; sourceTree = "<group>"; };
		0016 /* MenuView.swift */ = {isa = PBXFileReference; lastKnownFileType = sourcecode.swift; path = MenuView.swift; sourceTree = "<group>"; };
		0017 /* SettingsView.swift */ = {isa = PBXFileReference; lastKnownFileType = sourcecode.swift; path = SettingsView.swift; sourceTree = "<group>"; };
		0018 /* Info.plist */ = {isa = PBXFileReference; lastKnownFileType = text.plist.xml; path = Info.plist; sourceTree = "<group>"; };
		0019 /* CalendarView.swift */ = {isa = PBXFileReference; lastKnownFileType = sourcecode.swift; path = CalendarView.swift; sourceTree = "<group>"; };
		0021 /* UpdateChecker.swift */ = {isa = PBXFileReference; lastKnownFileType = sourcecode.swift; path = UpdateChecker.swift; sourceTree = "<group>"; };
		0100 /* RTOTracker.app */ = {isa = PBXFileReference; explicitFileType = wrapper.application; includeInIndex = 0; path = RTOTracker.app; sourceTree = BUILT_PRODUCTS_DIR; };
		C85D479E2F86055500E81F9A /* RTOTrackerTests.xctest */ = {isa = PBXFileReference; explicitFileType = wrapper.cfbundle; includeInIndex = 0; path = RTOTrackerTests.xctest; sourceTree = BUILT_PRODUCTS_DIR; };
/* End PBXFileReference section */

/* Begin PBXFileSystemSynchronizedRootGroup section */
		C85D479F2F86055500E81F9A /* RTOTrackerTests */ = {isa = PBXFileSystemSynchronizedRootGroup; explicitFileTypes = {}; explicitFolders = (); path = RTOTrackerTests; sourceTree = "<group>"; };
/* End PBXFileSystemSynchronizedRootGroup section */

/* Begin PBXFrameworksBuildPhase section */
		0200 /* Frameworks */ = {
			isa = PBXFrameworksBuildPhase;
			buildActionMask = 2147483647;
			files = (
				C85D47992F84BC1B00E81F9A /* Sparkle in Frameworks */,
			);
			runOnlyForDeploymentPostprocessing = 0;
		};
		C85D479B2F86055500E81F9A /* Frameworks */ = {
			isa = PBXFrameworksBuildPhase;
			buildActionMask = 2147483647;
			files = (
			);
			runOnlyForDeploymentPostprocessing = 0;
		};
/* End PBXFrameworksBuildPhase section */

/* Begin PBXGroup section */
		0300 = {
			isa = PBXGroup;
			children = (
				0301 /* RTOTracker */,
				C85D479F2F86055500E81F9A /* RTOTrackerTests */,
				0302 /* Products */,
			);
			sourceTree = "<group>";
		};
		0301 /* RTOTracker */ = {
			isa = PBXGroup;
			children = (
				0010 /* RTOTrackerApp.swift */,
				0011 /* AppDelegate.swift */,
				0310 /* Models */,
				0311 /* Services */,
				0312 /* Views */,
				0018 /* Info.plist */,
			);
			path = RTOTracker;
			sourceTree = "<group>";
		};
		0302 /* Products */ = {
			isa = PBXGroup;
			children = (
				0100 /* RTOTracker.app */,
				C85D479E2F86055500E81F9A /* RTOTrackerTests.xctest */,
			);
			name = Products;
			sourceTree = "<group>";
		};
		0310 /* Models */ = {
			isa = PBXGroup;
			children = (
				0012 /* DayRecord.swift */,
				0013 /* Settings.swift */,
			);
			path = Models;
			sourceTree = "<group>";
		};
		0311 /* Services */ = {
			isa = PBXGroup;
			children = (
				0014 /* DataManager.swift */,
				0015 /* OfficeDetectionService.swift */,
				0021 /* UpdateChecker.swift */,
			);
			path = Services;
			sourceTree = "<group>";
		};
		0312 /* Views */ = {
			isa = PBXGroup;
			children = (
				0016 /* MenuView.swift */,
				0017 /* SettingsView.swift */,
				0019 /* CalendarView.swift */,
			);
			path = Views;
			sourceTree = "<group>";
		};
/* End PBXGroup section */

/* Begin PBXNativeTarget section */
		0400 /* RTOTracker */ = {
			isa = PBXNativeTarget;
			buildConfigurationList = 0401 /* Build configuration list for PBXNativeTarget "RTOTracker" */;
			buildPhases = (
				0500 /* Sources */,
				0200 /* Frameworks */,
				0600 /* Resources */,
			);
			buildRules = (
			);
			dependencies = (
			);
			name = RTOTracker;
			productName = RTOTracker;
			productReference = 0100 /* RTOTracker.app */;
			productType = "com.apple.product-type.application";
		};
		C85D479D2F86055500E81F9A /* RTOTrackerTests */ = {
			isa = PBXNativeTarget;
			buildConfigurationList = C85D47A62F86055500E81F9A /* Build configuration list for PBXNativeTarget "RTOTrackerTests" */;
			buildPhases = (
				C85D479A2F86055500E81F9A /* Sources */,
				C85D479B2F86055500E81F9A /* Frameworks */,
				C85D479C2F86055500E81F9A /* Resources */,
			);
			buildRules = (
			);
			dependencies = (
				C85D47A32F86055500E81F9A /* PBXTargetDependency */,
			);
			fileSystemSynchronizedGroups = (
				C85D479F2F86055500E81F9A /* RTOTrackerTests */,
			);
			name = RTOTrackerTests;
			packageProductDependencies = (
			);
			productName = RTOTrackerTests;
			productReference = C85D479E2F86055500E81F9A /* RTOTrackerTests.xctest */;
			productType = "com.apple.product-type.bundle.unit-test";
		};
/* End PBXNativeTarget section */

/* Begin PBXProject section */
		0700 /* Project object */ = {
			isa = PBXProject;
			attributes = {
				BuildIndependentTargetsInParallel = 1;
				LastSwiftUpdateCheck = 2630;
				LastUpgradeCheck = 1600;
				TargetAttributes = {
					0400 = {
						CreatedOnToolsVersion = 16.0;
					};
					C85D479D2F86055500E81F9A = {
						CreatedOnToolsVersion = 26.3;
						TestTargetID = 0400;
					};
				};
			};
			buildConfigurationList = 0701 /* Build configuration list for PBXProject "RTOTracker" */;
			compatibilityVersion = "Xcode 14.0";
			developmentRegion = en;
			hasScannedForEncodings = 0;
			knownRegions = (
				en,
				Base,
			);
			mainGroup = 0300;
			packageReferences = (
				C85D47972F84BC1B00E81F9A /* XCLocalSwiftPackageReference "../../../Downloads/Sparkle-2.x" */,
			);
			productRefGroup = 0302 /* Products */;
			projectDirPath = "";
			projectRoot = "";
			targets = (
				0400 /* RTOTracker */,
				C85D479D2F86055500E81F9A /* RTOTrackerTests */,
			);
		};
/* End PBXProject section */

/* Begin PBXResourcesBuildPhase section */
		0600 /* Resources */ = {
			isa = PBXResourcesBuildPhase;
			buildActionMask = 2147483647;
			files = (
			);
			runOnlyForDeploymentPostprocessing = 0;
		};
		C85D479C2F86055500E81F9A /* Resources */ = {
			isa = PBXResourcesBuildPhase;
			buildActionMask = 2147483647;
			files = (
			);
			runOnlyForDeploymentPostprocessing = 0;
		};
/* End PBXResourcesBuildPhase section */

/* Begin PBXSourcesBuildPhase section */
		0500 /* Sources */ = {
			isa = PBXSourcesBuildPhase;
			buildActionMask = 2147483647;
			files = (
				0001 /* RTOTrackerApp.swift in Sources */,
				0002 /* AppDelegate.swift in Sources */,
				0003 /* DayRecord.swift in Sources */,
				0004 /* Settings.swift in Sources */,
				0005 /* DataManager.swift in Sources */,
				0006 /* OfficeDetectionService.swift in Sources */,
				0007 /* MenuView.swift in Sources */,
				0008 /* SettingsView.swift in Sources */,
				0009 /* CalendarView.swift in Sources */,
				0020 /* UpdateChecker.swift in Sources */,
			);
			runOnlyForDeploymentPostprocessing = 0;
		};
		C85D479A2F86055500E81F9A /* Sources */ = {
			isa = PBXSourcesBuildPhase;
			buildActionMask = 2147483647;
			files = (
			);
			runOnlyForDeploymentPostprocessing = 0;
		};
/* End PBXSourcesBuildPhase section */

/* Begin PBXTargetDependency section */
		C85D47A32F86055500E81F9A /* PBXTargetDependency */ = {
			isa = PBXTargetDependency;
			target = 0400 /* RTOTracker */;
			targetProxy = C85D47A22F86055500E81F9A /* PBXContainerItemProxy */;
		};
/* End PBXTargetDependency section */

/* Begin XCBuildConfiguration section */
		0800 /* Debug */ = {
			isa = XCBuildConfiguration;
			buildSettings = {
				ALWAYS_SEARCH_USER_PATHS = NO;
				ASSETCATALOG_COMPILER_GENERATE_SWIFT_ASSET_SYMBOL_EXTENSIONS = YES;
				CLANG_ANALYZER_NONNULL = YES;
				CLANG_ANALYZER_NUMBER_OBJECT_CONVERSION = YES_AGGRESSIVE;
				CLANG_CXX_LANGUAGE_STANDARD = "gnu++20";
				CLANG_ENABLE_MODULES = YES;
				CLANG_ENABLE_OBJC_ARC = YES;
				CLANG_ENABLE_OBJC_WEAK = YES;
				CLANG_WARN_BLOCK_CAPTURE_AUTORELEASING = YES;
				CLANG_WARN_BOOL_CONVERSION = YES;
				CLANG_WARN_COMMA = YES;
				CLANG_WARN_CONSTANT_CONVERSION = YES;
				CLANG_WARN_DEPRECATED_OBJC_IMPLEMENTATIONS = YES;
				CLANG_WARN_DIRECT_OBJC_ISA_USAGE = YES_ERROR;
				CLANG_WARN_DOCUMENTATION_COMMENTS = YES;
				CLANG_WARN_EMPTY_BODY = YES;
				CLANG_WARN_ENUM_CONVERSION = YES;
				CLANG_WARN_INFINITE_RECURSION = YES;
				CLANG_WARN_INT_CONVERSION = YES;
				CLANG_WARN_NON_LITERAL_NULL_CONVERSION = YES;
				CLANG_WARN_OBJC_IMPLICIT_RETAIN_SELF = YES;
				CLANG_WARN_OBJC_LITERAL_CONVERSION = YES;
				CLANG_WARN_OBJC_ROOT_CLASS = YES_ERROR;
				CLANG_WARN_QUOTED_INCLUDE_IN_FRAMEWORK_HEADER = YES;
				CLANG_WARN_RANGE_LOOP_ANALYSIS = YES;
				CLANG_WARN_STRICT_PROTOTYPES = YES;
				CLANG_WARN_SUSPICIOUS_MOVE = YES;
				CLANG_WARN_UNGUARDED_AVAILABILITY = YES_AGGRESSIVE;
				CLANG_WARN_UNREACHABLE_CODE = YES;
				CLANG_WARN__DUPLICATE_METHOD_MATCH = YES;
				COPY_PHASE_STRIP = NO;
				DEBUG_INFORMATION_FORMAT = dwarf;
				ENABLE_STRICT_OBJC_MSGSEND = YES;
				ENABLE_TESTABILITY = YES;
				ENABLE_USER_SCRIPT_SANDBOXING = YES;
				GCC_C_LANGUAGE_STANDARD = gnu17;
				GCC_DYNAMIC_NO_PIC = NO;
				GCC_NO_COMMON_BLOCKS = YES;
				GCC_OPTIMIZATION_LEVEL = 0;
				GCC_PREPROCESSOR_DEFINITIONS = (
					"DEBUG=1",
					"$(inherited)",
				);
				GCC_WARN_64_TO_32_BIT_CONVERSION = YES;
				GCC_WARN_ABOUT_RETURN_TYPE = YES_ERROR;
				GCC_WARN_UNDECLARED_SELECTOR = YES;
				GCC_WARN_UNINITIALIZED_AUTOS = YES_AGGRESSIVE;
				GCC_WARN_UNUSED_FUNCTION = YES;
				GCC_WARN_UNUSED_VARIABLE = YES;
				LOCALIZATION_PREFERS_STRING_CATALOGS = YES;
				MACOSX_DEPLOYMENT_TARGET = 15.0;
				MTL_ENABLE_DEBUG_INFO = INCLUDE_SOURCE;
				MTL_FAST_MATH = YES;
				ONLY_ACTIVE_ARCH = YES;
				SDKROOT = macosx;
				SWIFT_ACTIVE_COMPILATION_CONDITIONS = "DEBUG $(inherited)";
				SWIFT_OPTIMIZATION_LEVEL = "-Onone";
			};
			name = Debug;
		};
		0801 /* Release */ = {
			isa = XCBuildConfiguration;
			buildSettings = {
				ALWAYS_SEARCH_USER_PATHS = NO;
				ASSETCATALOG_COMPILER_GENERATE_SWIFT_ASSET_SYMBOL_EXTENSIONS = YES;
				CLANG_ANALYZER_NONNULL = YES;
				CLANG_ANALYZER_NUMBER_OBJECT_CONVERSION = YES_AGGRESSIVE;
				CLANG_CXX_LANGUAGE_STANDARD = "gnu++20";
				CLANG_ENABLE_MODULES = YES;
				CLANG_ENABLE_OBJC_ARC = YES;
				CLANG_ENABLE_OBJC_WEAK = YES;
				CLANG_WARN_BLOCK_CAPTURE_AUTORELEASING = YES;
				CLANG_WARN_BOOL_CONVERSION = YES;
				CLANG_WARN_COMMA = YES;
				CLANG_WARN_CONSTANT_CONVERSION = YES;
				CLANG_WARN_DEPRECATED_OBJC_IMPLEMENTATIONS = YES;
				CLANG_WARN_DIRECT_OBJC_ISA_USAGE = YES_ERROR;
				CLANG_WARN_DOCUMENTATION_COMMENTS = YES;
				CLANG_WARN_EMPTY_BODY = YES;
				CLANG_WARN_ENUM_CONVERSION = YES;
				CLANG_WARN_INFINITE_RECURSION = YES;
				CLANG_WARN_INT_CONVERSION = YES;
				CLANG_WARN_NON_LITERAL_NULL_CONVERSION = YES;
				CLANG_WARN_OBJC_IMPLICIT_RETAIN_SELF = YES;
				CLANG_WARN_OBJC_LITERAL_CONVERSION = YES;
				CLANG_WARN_OBJC_ROOT_CLASS = YES_ERROR;
				CLANG_WARN_QUOTED_INCLUDE_IN_FRAMEWORK_HEADER = YES;
				CLANG_WARN_RANGE_LOOP_ANALYSIS = YES;
				CLANG_WARN_STRICT_PROTOTYPES = YES;
				CLANG_WARN_SUSPICIOUS_MOVE = YES;
				CLANG_WARN_UNGUARDED_AVAILABILITY = YES_AGGRESSIVE;
				CLANG_WARN_UNREACHABLE_CODE = YES;
				CLANG_WARN__DUPLICATE_METHOD_MATCH = YES;
				COPY_PHASE_STRIP = NO;
				DEBUG_INFORMATION_FORMAT = "dwarf-with-dsym";
				ENABLE_NS_ASSERTIONS = NO;
				ENABLE_STRICT_OBJC_MSGSEND = YES;
				ENABLE_USER_SCRIPT_SANDBOXING = YES;
				GCC_C_LANGUAGE_STANDARD = gnu17;
				GCC_NO_COMMON_BLOCKS = YES;
				GCC_WARN_64_TO_32_BIT_CONVERSION = YES;
				GCC_WARN_ABOUT_RETURN_TYPE = YES_ERROR;
				GCC_WARN_UNDECLARED_SELECTOR = YES;
				GCC_WARN_UNINITIALIZED_AUTOS = YES_AGGRESSIVE;
				GCC_WARN_UNUSED_FUNCTION = YES;
				GCC_WARN_UNUSED_VARIABLE = YES;
				LOCALIZATION_PREFERS_STRING_CATALOGS = YES;
				MACOSX_DEPLOYMENT_TARGET = 15.0;
				MTL_ENABLE_DEBUG_INFO = NO;
				MTL_FAST_MATH = YES;
				SDKROOT = macosx;
				SWIFT_COMPILATION_MODE = wholemodule;
			};
			name = Release;
		};
		0802 /* Debug */ = {
			isa = XCBuildConfiguration;
			buildSettings = {
				ASSETCATALOG_COMPILER_APPICON_NAME = AppIcon;
				CODE_SIGN_ENTITLEMENTS = "";
				CODE_SIGN_STYLE = Automatic;
				COMBINE_HIDPI_IMAGES = YES;
				CURRENT_PROJECT_VERSION = 1;
				DEVELOPMENT_TEAM = "";
				ENABLE_HARDENED_RUNTIME = YES;
				ENABLE_PREVIEWS = YES;
				GENERATE_INFOPLIST_FILE = NO;
				INFOPLIST_FILE = RTOTracker/Info.plist;
				INFOPLIST_KEY_LSUIElement = YES;
				INFOPLIST_KEY_NSHumanReadableCopyright = "";
				LD_RUNPATH_SEARCH_PATHS = (
					"$(inherited)",
					"@executable_path/../Frameworks",
				);
				MARKETING_VERSION = 1.0;
				PRODUCT_BUNDLE_IDENTIFIER = com.rtotracker.RTOTracker;
				PRODUCT_NAME = "$(TARGET_NAME)";
				SWIFT_EMIT_LOC_STRINGS = YES;
				SWIFT_VERSION = 6.0;
			};
			name = Debug;
		};
		0803 /* Release */ = {
			isa = XCBuildConfiguration;
			buildSettings = {
				ASSETCATALOG_COMPILER_APPICON_NAME = AppIcon;
				CODE_SIGN_ENTITLEMENTS = "";
				CODE_SIGN_STYLE = Automatic;
				COMBINE_HIDPI_IMAGES = YES;
				CURRENT_PROJECT_VERSION = 1;
				DEVELOPMENT_TEAM = "";
				ENABLE_HARDENED_RUNTIME = YES;
				ENABLE_PREVIEWS = YES;
				GENERATE_INFOPLIST_FILE = NO;
				INFOPLIST_FILE = RTOTracker/Info.plist;
				INFOPLIST_KEY_LSUIElement = YES;
				INFOPLIST_KEY_NSHumanReadableCopyright = "";
				LD_RUNPATH_SEARCH_PATHS = (
					"$(inherited)",
					"@executable_path/../Frameworks",
				);
				MARKETING_VERSION = 1.0;
				PRODUCT_BUNDLE_IDENTIFIER = com.rtotracker.RTOTracker;
				PRODUCT_NAME = "$(TARGET_NAME)";
				SWIFT_EMIT_LOC_STRINGS = YES;
				SWIFT_VERSION = 6.0;
			};
			name = Release;
		};
		C85D47A42F86055500E81F9A /* Debug */ = {
			isa = XCBuildConfiguration;
			buildSettings = {
				BUNDLE_LOADER = "$(TEST_HOST)";
				CODE_SIGN_STYLE = Automatic;
				CURRENT_PROJECT_VERSION = 1;
				DEVELOPMENT_TEAM = 4S3335WCU7;
				GENERATE_INFOPLIST_FILE = YES;
				MACOSX_DEPLOYMENT_TARGET = 26.2;
				MARKETING_VERSION = 1.0;
				PRODUCT_BUNDLE_IDENTIFIER = havo.RTOTrackerTests;
				PRODUCT_NAME = "$(TARGET_NAME)";
				STRING_CATALOG_GENERATE_SYMBOLS = NO;
				SWIFT_APPROACHABLE_CONCURRENCY = YES;
				SWIFT_EMIT_LOC_STRINGS = NO;
				SWIFT_UPCOMING_FEATURE_MEMBER_IMPORT_VISIBILITY = YES;
				SWIFT_VERSION = 5.0;
				TEST_HOST = "$(BUILT_PRODUCTS_DIR)/RTOTracker.app/$(BUNDLE_EXECUTABLE_FOLDER_PATH)/RTOTracker";
			};
			name = Debug;
		};
		C85D47A52F86055500E81F9A /* Release */ = {
			isa = XCBuildConfiguration;
			buildSettings = {
				BUNDLE_LOADER = "$(TEST_HOST)";
				CODE_SIGN_STYLE = Automatic;
				CURRENT_PROJECT_VERSION = 1;
				DEVELOPMENT_TEAM = 4S3335WCU7;
				GENERATE_INFOPLIST_FILE = YES;
				MACOSX_DEPLOYMENT_TARGET = 26.2;
				MARKETING_VERSION = 1.0;
				PRODUCT_BUNDLE_IDENTIFIER = havo.RTOTrackerTests;
				PRODUCT_NAME = "$(TARGET_NAME)";
				STRING_CATALOG_GENERATE_SYMBOLS = NO;
				SWIFT_APPROACHABLE_CONCURRENCY = YES;
				SWIFT_EMIT_LOC_STRINGS = NO;
				SWIFT_UPCOMING_FEATURE_MEMBER_IMPORT_VISIBILITY = YES;
				SWIFT_VERSION = 5.0;
				TEST_HOST = "$(BUILT_PRODUCTS_DIR)/RTOTracker.app/$(BUNDLE_EXECUTABLE_FOLDER_PATH)/RTOTracker";
			};
			name = Release;
		};
/* End XCBuildConfiguration section */

/* Begin XCConfigurationList section */
		0401 /* Build configuration list for PBXNativeTarget "RTOTracker" */ = {
			isa = XCConfigurationList;
			buildConfigurations = (
				0802 /* Debug */,
				0803 /* Release */,
			);
			defaultConfigurationIsVisible = 0;
			defaultConfigurationName = Release;
		};
		0701 /* Build configuration list for PBXProject "RTOTracker" */ = {
			isa = XCConfigurationList;
			buildConfigurations = (
				0800 /* Debug */,
				0801 /* Release */,
			);
			defaultConfigurationIsVisible = 0;
			defaultConfigurationName = Release;
		};
		C85D47A62F86055500E81F9A /* Build configuration list for PBXNativeTarget "RTOTrackerTests" */ = {
			isa = XCConfigurationList;
			buildConfigurations = (
				C85D47A42F86055500E81F9A /* Debug */,
				C85D47A52F86055500E81F9A /* Release */,
			);
			defaultConfigurationIsVisible = 0;
			defaultConfigurationName = Release;
		};
/* End XCConfigurationList section */

/* Begin XCLocalSwiftPackageReference section */
		C85D47972F84BC1B00E81F9A /* XCLocalSwiftPackageReference "../../../Downloads/Sparkle-2.x" */ = {
			isa = XCLocalSwiftPackageReference;
			relativePath = "../../../Downloads/Sparkle-2.x";
		};
/* End XCLocalSwiftPackageReference section */

/* Begin XCSwiftPackageProductDependency section */
		C85D47982F84BC1B00E81F9A /* Sparkle */ = {
			isa = XCSwiftPackageProductDependency;
			productName = Sparkle;
		};
/* End XCSwiftPackageProductDependency section */
	};
	rootObject = 0700 /* Project object */;
}
